<?xml version="1.0" encoding="utf-8"?>
<Project ToolsVersion="4.0" xmlns="http://schemas.microsoft.com/developer/msbuild/2003">
  <ItemGroup>
    <Filter Include="Source Files">
      <UniqueIdentifier>{4FC737F1-C7A5-4376-A066-2A32D752A2FF}</UniqueIdentifier>
      <Extensions>cpp;c;cc;cxx;def;odl;idl;hpj;bat;asm;asmx</Extensions>
    </Filter>
    <Filter Include="Header Files">
      <UniqueIdentifier>{93995380-89BD-4b04-88EB-625FBE52EBFB}</UniqueIdentifier>
      <Extensions>h;hh;hpp;hxx;hm;inl;inc;xsd</Extensions>
    </Filter>
    <Filter Include="x86_64-fma">
      <UniqueIdentifier>{475822c6-7f05-49d9-9bc7-463cfc99e657}</UniqueIdentifier>
    </Filter>
    <Filter Include="x86_64-fma\blas">
      <UniqueIdentifier>{4ed6e51c-3e62-4462-92ac-72eeabc19568}</UniqueIdentifier>
    </Filter>
    <Filter Include="x86_64-fma\fft">
      <UniqueIdentifier>{cbb45e2e-91a7-478f-ab81-2a0417c7c13a}</UniqueIdentifier>
    </Filter>
    <Filter Include="x86_64-fma\winograd">
      <UniqueIdentifier>{93a9c717-6bb7-4fbc-aa53-830bf5490562}</UniqueIdentifier>
    </Filter>
    <Filter Include="x86_64-fma\vecmath">
      <UniqueIdentifier>{2c134976-58e2-431a-8acb-7f8b59918f9a}</UniqueIdentifier>
    </Filter>
    <Filter Include="psimd">
      <UniqueIdentifier>{5fb39468-8c38-4ee3-8844-f366155e4a28}</UniqueIdentifier>
    </Filter>
    <Filter Include="psimd\blas">
      <UniqueIdentifier>{0b25c9fe-5736-404b-a9ea-2ef7ad2d118a}</UniqueIdentifier>
    </Filter>
    <Filter Include="psimd\fft">
      <UniqueIdentifier>{0469df8d-d40e-4ae6-b3ff-9b0d03633268}</UniqueIdentifier>
    </Filter>
    <Filter Include="psimd\winograd">
      <UniqueIdentifier>{25ae816f-3a27-4df8-9a3d-a6acca6e6010}</UniqueIdentifier>
    </Filter>
    <Filter Include="ref">
      <UniqueIdentifier>{d3884015-d0af-4f5d-9574-bd74ba49b2cf}</UniqueIdentifier>
    </Filter>
    <Filter Include="ref\fft">
      <UniqueIdentifier>{33f47aaf-093d-44be-b48d-ec1cf921bafb}</UniqueIdentifier>
    </Filter>
    <Filter Include="scalar">
      <UniqueIdentifier>{8dd86891-7bed-4c70-9019-0548f6ca5f0c}</UniqueIdentifier>
    </Filter>
    <Filter Include="scalar\blas">
      <UniqueIdentifier>{61d22557-9f5e-4a8f-a940-ec1cf7c0e83a}</UniqueIdentifier>
    </Filter>
    <Filter Include="scalar\fft">
      <UniqueIdentifier>{9019426e-b2b7-4655-827b-d48ac3427e3e}</UniqueIdentifier>
    </Filter>
    <Filter Include="scalar\winograd">
      <UniqueIdentifier>{830d2ea0-62a2-49cc-a852-c662cd008fe8}</UniqueIdentifier>
    </Filter>
    <Filter Include="bench">
      <UniqueIdentifier>{cb077fdc-a5b1-46c5-a986-00af4fb2456f}</UniqueIdentifier>
    </Filter>
  </ItemGroup>
  <ItemGroup>
    <ClCompile Include="src\ref\fft\aos-ref.cpp">
      <Filter>ref\fft</Filter>
    </ClCompile>
    <ClCompile Include="src\ref\fft\forward-dualreal-ref.cpp">
      <Filter>ref\fft</Filter>
    </ClCompile>
    <ClCompile Include="src\ref\fft\forward-real-ref.cpp">
      <Filter>ref\fft</Filter>
    </ClCompile>
    <ClCompile Include="src\ref\fft\inverse-dualreal-ref.cpp">
      <Filter>ref\fft</Filter>
    </ClCompile>
    <ClCompile Include="src\ref\fft\inverse-real-ref.cpp">
      <Filter>ref\fft</Filter>
    </ClCompile>
    <ClCompile Include="src\ref\fft\soa-ref.cpp">
      <Filter>ref\fft</Filter>
    </ClCompile>
    <ClCompile Include="src\scalar\blas\cgemm.c">
      <Filter>scalar\blas</Filter>
    </ClCompile>
    <ClCompile Include="src\scalar\blas\cgemm-conjb.c">
      <Filter>scalar\blas</Filter>
    </ClCompile>
    <ClCompile Include="src\scalar\blas\cgemm-conjb-transc.c">
      <Filter>scalar\blas</Filter>
    </ClCompile>
    <ClCompile Include="src\scalar\blas\conv1x1.c">
      <Filter>scalar\blas</Filter>
    </ClCompile>
    <ClCompile Include="src\scalar\blas\s2gemm.c">
      <Filter>scalar\blas</Filter>
    </ClCompile>
    <ClCompile Include="src\scalar\blas\s2gemm-transc.c">
      <Filter>scalar\blas</Filter>
    </ClCompile>
    <ClCompile Include="src\scalar\blas\sdotxf.c">
      <Filter>scalar\blas</Filter>
    </ClCompile>
    <ClCompile Include="src\scalar\blas\sgemm.c">
      <Filter>scalar\blas</Filter>
    </ClCompile>
    <ClCompile Include="src\scalar\blas\shdotxf.c">
      <Filter>scalar\blas</Filter>
    </ClCompile>
    <ClCompile Include="src\scalar\2d-fourier-8x8.c">
      <Filter>scalar</Filter>
    </ClCompile>
    <ClCompile Include="src\scalar\2d-fourier-16x16.c">
      <Filter>scalar</Filter>
    </ClCompile>
    <ClCompile Include="src\scalar\2d-winograd-8x8-3x3.c">
      <Filter>scalar</Filter>
    </ClCompile>
    <ClCompile Include="src\scalar\fft-aos.c">
      <Filter>scalar</Filter>
    </ClCompile>
    <ClCompile Include="src\scalar\fft-dualreal.c">
      <Filter>scalar</Filter>
    </ClCompile>
    <ClCompile Include="src\scalar\fft-real.c">
      <Filter>scalar</Filter>
    </ClCompile>
    <ClCompile Include="src\scalar\fft-soa.c">
      <Filter>scalar</Filter>
    </ClCompile>
    <ClCompile Include="src\scalar\relu.c">
      <Filter>scalar</Filter>
    </ClCompile>
    <ClCompile Include="src\scalar\softmax.c">
      <Filter>scalar</Filter>
    </ClCompile>
    <ClCompile Include="src\scalar\fft\aos.h">
      <Filter>scalar\fft</Filter>
    </ClCompile>
    <ClCompile Include="src\scalar\fft\real.h">
      <Filter>scalar\fft</Filter>
    </ClCompile>
    <ClCompile Include="src\scalar\fft\soa.h">
      <Filter>scalar\fft</Filter>
    </ClCompile>
    <ClCompile Include="src\scalar\fft\dualreal.h">
      <Filter>scalar\fft</Filter>
    </ClCompile>
    <ClCompile Include="src\scalar\winograd-f6k3.c">
      <Filter>scalar</Filter>
    </ClCompile>
    <ClCompile Include="src\ref\convolution-input-gradient-ref.c">
      <Filter>ref</Filter>
    </ClCompile>
    <ClCompile Include="src\ref\convolution-kernel-gradient-ref.c">
      <Filter>ref</Filter>
    </ClCompile>
    <ClCompile Include="src\ref\convolution-output-ref.c">
      <Filter>ref</Filter>
    </ClCompile>
    <ClCompile Include="src\ref\fully-connected-output-ref.c">
      <Filter>ref</Filter>
    </ClCompile>
    <ClCompile Include="src\ref\max-pooling-output-ref.c">
      <Filter>ref</Filter>
    </ClCompile>
    <ClCompile Include="src\ref\relu-input-gradient-ref.c">
      <Filter>ref</Filter>
    </ClCompile>
    <ClCompile Include="src\ref\relu-output-ref.c">
      <Filter>ref</Filter>
    </ClCompile>
    <ClCompile Include="src\ref\softmax-output-ref.c">
      <Filter>ref</Filter>
    </ClCompile>
    <ClCompile Include="src\convolution-inference.c">
      <Filter>Source Files</Filter>
    </ClCompile>
    <ClCompile Include="src\convolution-input-gradient.c">
      <Filter>Source Files</Filter>
    </ClCompile>
    <ClCompile Include="src\convolution-kernel-gradient.c">
      <Filter>Source Files</Filter>
    </ClCompile>
    <ClCompile Include="src\convolution-output.c">
      <Filter>Source Files</Filter>
    </ClCompile>
    <ClCompile Include="src\fully-connected-inference.c">
      <Filter>Source Files</Filter>
    </ClCompile>
    <ClCompile Include="src\fully-connected-output.c">
      <Filter>Source Files</Filter>
    </ClCompile>
    <ClCompile Include="src\init.c">
      <Filter>Source Files</Filter>
    </ClCompile>
    <ClCompile Include="src\pooling-output.c">
      <Filter>Source Files</Filter>
    </ClCompile>
    <ClCompile Include="src\relu-input-gradient.c">
      <Filter>Source Files</Filter>
    </ClCompile>
    <ClCompile Include="src\relu-output.c">
      <Filter>Source Files</Filter>
    </ClCompile>
    <ClCompile Include="src\softmax-output.c">
      <Filter>Source Files</Filter>
    </ClCompile>
    <ClCompile Include="src\x86_64-fma\softmax.c">
      <Filter>x86_64-fma</Filter>
    </ClCompile>
    <ClCompile Include="src\pthreadpool.cpp">
      <Filter>Source Files</Filter>
    </ClCompile>
    <ClCompile Include="src\psimd\2d-fourier-16x16.cpp">
      <Filter>psimd</Filter>
    </ClCompile>
    <ClCompile Include="src\psimd\2d-winograd-8x8-3x3.cpp">
      <Filter>psimd</Filter>
    </ClCompile>
    <ClCompile Include="src\psimd\exp.cpp">
      <Filter>psimd</Filter>
    </ClCompile>
    <ClCompile Include="src\psimd\fft-aos.cpp">
      <Filter>psimd</Filter>
    </ClCompile>
    <ClCompile Include="src\psimd\fft-dualreal.cpp">
      <Filter>psimd</Filter>
    </ClCompile>
    <ClCompile Include="src\psimd\fft-real.cpp">
      <Filter>psimd</Filter>
    </ClCompile>
    <ClCompile Include="src\psimd\fft-soa.cpp">
      <Filter>psimd</Filter>
    </ClCompile>
    <ClCompile Include="src\psimd\relu.cpp">
      <Filter>psimd</Filter>
    </ClCompile>
    <ClCompile Include="src\psimd\softmax.cpp">
      <Filter>psimd</Filter>
    </ClCompile>
    <ClCompile Include="src\psimd\winograd-f6k3.cpp">
      <Filter>psimd</Filter>
    </ClCompile>
    <ClCompile Include="src\psimd\2d-fourier-8x8.cpp">
      <Filter>psimd</Filter>
    </ClCompile>
    <ClCompile Include="src\psimd\blas\c4gemm-conjb.cpp">
      <Filter>psimd\blas</Filter>
    </ClCompile>
    <ClCompile Include="src\psimd\blas\c4gemm-conjb-transc.cpp">
      <Filter>psimd\blas</Filter>
    </ClCompile>
    <ClCompile Include="src\psimd\blas\conv1x1.cpp">
      <Filter>psimd\blas</Filter>
    </ClCompile>
    <ClCompile Include="src\psimd\blas\s4c2gemm.cpp">
      <Filter>psimd\blas</Filter>
    </ClCompile>
    <ClCompile Include="src\psimd\blas\s4c2gemm-conjb.cpp">
      <Filter>psimd\blas</Filter>
    </ClCompile>
    <ClCompile Include="src\psimd\blas\s4c2gemm-conjb-transc.cpp">
      <Filter>psimd\blas</Filter>
    </ClCompile>
    <ClCompile Include="src\psimd\blas\s4gemm.cpp">
      <Filter>psimd\blas</Filter>
    </ClCompile>
    <ClCompile Include="src\psimd\blas\sdotxf.cpp">
      <Filter>psimd\blas</Filter>
    </ClCompile>
    <ClCompile Include="src\psimd\blas\sgemm.cpp">
      <Filter>psimd\blas</Filter>
    </ClCompile>
    <ClCompile Include="src\psimd\blas\shdotxf.cpp">
      <Filter>psimd\blas</Filter>
    </ClCompile>
    <ClCompile Include="src\x86_64-fma\exp.c">
      <Filter>x86_64-fma</Filter>
    </ClCompile>
    <ClCompile Include="src\psimd\blas\c4gemm.cpp">
      <Filter>psimd\blas</Filter>
    </ClCompile>
    <ClCompile Include="bench\convolution.c">
      <Filter>bench</Filter>
    </ClCompile>
    <ClCompile Include="bench\fully-connected.c">
      <Filter>bench</Filter>
    </ClCompile>
    <ClCompile Include="bench\gemm.c">
      <Filter>bench</Filter>
    </ClCompile>
    <ClCompile Include="bench\median.c">
      <Filter>bench</Filter>
    </ClCompile>
    <ClCompile Include="bench\memread.c">
      <Filter>bench</Filter>
    </ClCompile>
    <ClCompile Include="bench\perf_counter.c">
      <Filter>bench</Filter>
    </ClCompile>
    <ClCompile Include="bench\pooling.c">
      <Filter>bench</Filter>
    </ClCompile>
    <ClCompile Include="bench\relu.c">
      <Filter>bench</Filter>
    </ClCompile>
    <ClCompile Include="bench\sgemm.cc">
      <Filter>bench</Filter>
    </ClCompile>
    <ClCompile Include="bench\transform.c">
      <Filter>bench</Filter>
    </ClCompile>
    <ClCompile Include="bench\ugemm.c">
      <Filter>bench</Filter>
    </ClCompile>
    <ClCompile Include="bench\convolution-inference.cc">
      <Filter>bench</Filter>
    </ClCompile>
    <ClCompile Include="bench\sxgemm.cc">
      <Filter>bench</Filter>
    </ClCompile>
  </ItemGroup>
  <ItemGroup>
    <ClInclude Include="include\nnpack.h">
      <Filter>Header Files</Filter>
    </ClInclude>
    <ClInclude Include="src\ref\fft\complex-ref.h">
      <Filter>ref\fft</Filter>
    </ClInclude>
    <ClInclude Include="src\scalar\butterfly.h">
      <Filter>scalar</Filter>
    </ClInclude>
    <ClInclude Include="include\nnpack\activations.h">
      <Filter>Header Files</Filter>
    </ClInclude>
    <ClInclude Include="include\nnpack\bitcasts.h">
      <Filter>Header Files</Filter>
    </ClInclude>
    <ClInclude Include="include\nnpack\blas.h">
      <Filter>Header Files</Filter>
    </ClInclude>
    <ClInclude Include="include\nnpack\fft.h">
      <Filter>Header Files</Filter>
    </ClInclude>
    <ClInclude Include="include\nnpack\fft-constants.h">
      <Filter>Header Files</Filter>
    </ClInclude>
    <ClInclude Include="include\nnpack\fp16.h">
      <Filter>Header Files</Filter>
    </ClInclude>
    <ClInclude Include="include\nnpack\fxdiv.h">
      <Filter>Header Files</Filter>
    </ClInclude>
    <ClInclude Include="include\nnpack\hwinfo.h">
      <Filter>Header Files</Filter>
    </ClInclude>
    <ClInclude Include="include\nnpack\macros.h">
      <Filter>Header Files</Filter>
    </ClInclude>
    <ClInclude Include="include\nnpack\pooling.h">
      <Filter>Header Files</Filter>
    </ClInclude>
    <ClInclude Include="include\nnpack\pthreadpool.h">
      <Filter>Header Files</Filter>
    </ClInclude>
    <ClInclude Include="include\nnpack\reference.h">
      <Filter>Header Files</Filter>
    </ClInclude>
    <ClInclude Include="include\nnpack\relu.h">
      <Filter>Header Files</Filter>
    </ClInclude>
    <ClInclude Include="include\nnpack\softmax.h">
      <Filter>Header Files</Filter>
    </ClInclude>
    <ClInclude Include="include\nnpack\stdafx.h">
      <Filter>Header Files</Filter>
    </ClInclude>
    <ClInclude Include="include\nnpack\system.h">
      <Filter>Header Files</Filter>
    </ClInclude>
    <ClInclude Include="include\nnpack\targetver.h">
      <Filter>Header Files</Filter>
    </ClInclude>
    <ClInclude Include="include\nnpack\transform.h">
      <Filter>Header Files</Filter>
    </ClInclude>
    <ClInclude Include="include\nnpack\utils.h">
      <Filter>Header Files</Filter>
    </ClInclude>
    <ClInclude Include="include\nnpack\validation.h">
      <Filter>Header Files</Filter>
    </ClInclude>
    <ClInclude Include="include\nnpack\winograd.h">
      <Filter>Header Files</Filter>
    </ClInclude>
    <ClInclude Include="include\nnpack\arm_neon.h">
      <Filter>Header Files</Filter>
    </ClInclude>
    <ClInclude Include="include\nnpack\assembly.h">
      <Filter>Header Files</Filter>
    </ClInclude>
    <ClInclude Include="src\scalar\winograd\f6x6k3x3.h">
      <Filter>scalar\winograd</Filter>
    </ClInclude>
    <ClInclude Include="src\psimd\fft\aos.h">
      <Filter>psimd\fft</Filter>
    </ClInclude>
    <ClInclude Include="src\psimd\fft\dualreal.h">
      <Filter>psimd\fft</Filter>
    </ClInclude>
    <ClInclude Include="src\psimd\fft\real.h">
      <Filter>psimd\fft</Filter>
    </ClInclude>
    <ClInclude Include="src\psimd\fft\soa.h">
      <Filter>psimd\fft</Filter>
    </ClInclude>
    <ClInclude Include="src\psimd\winograd\f6x6k3x3.h">
      <Filter>psimd\winograd</Filter>
    </ClInclude>
    <ClInclude Include="src\psimd\butterfly.h">
      <Filter>psimd</Filter>
    </ClInclude>
    <ClInclude Include="src\psimd\exp.h">
      <Filter>psimd</Filter>
    </ClInclude>
    <ClInclude Include="src\psimd\transpose.h">
      <Filter>psimd</Filter>
    </ClInclude>
    <ClInclude Include="include\nnpack\psimd.h">
      <Filter>Header Files</Filter>
    </ClInclude>
    <ClInclude Include="include\nnpack\fp16psimd.h">
      <Filter>Header Files</Filter>
    </ClInclude>
    <ClInclude Include="bench\perf_counter.h">
      <Filter>bench</Filter>
    </ClInclude>
    <ClInclude Include="include\nnpack\AlignedAllocator.h">
      <Filter>Header Files</Filter>
    </ClInclude>
  </ItemGroup>
  <ItemGroup>
    <None Include="README.md" />
    <None Include="src\x86_64-fma\2d-fourier-8x8.py">
      <Filter>x86_64-fma</Filter>
    </None>
    <None Include="src\x86_64-fma\2d-fourier-16x16.py">
      <Filter>x86_64-fma</Filter>
    </None>
    <None Include="src\x86_64-fma\2d-winograd-8x8-3x3.py">
      <Filter>x86_64-fma</Filter>
    </None>
    <None Include="src\x86_64-fma\block8x8.py">
      <Filter>x86_64-fma</Filter>
    </None>
    <None Include="src\x86_64-fma\common.py">
      <Filter>x86_64-fma</Filter>
    </None>
    <None Include="src\x86_64-fma\fft16x16.py">
      <Filter>x86_64-fma</Filter>
    </None>
    <None Include="src\x86_64-fma\fft-aos.py">
      <Filter>x86_64-fma</Filter>
    </None>
    <None Include="src\x86_64-fma\fft-dualreal.py">
      <Filter>x86_64-fma</Filter>
    </None>
    <None Include="src\x86_64-fma\fft-real.py">
      <Filter>x86_64-fma</Filter>
    </None>
    <None Include="src\x86_64-fma\fft-soa.py">
      <Filter>x86_64-fma</Filter>
    </None>
    <None Include="src\x86_64-fma\ifft-dualreal.py">
      <Filter>x86_64-fma</Filter>
    </None>
    <None Include="src\x86_64-fma\ifft-real.py">
      <Filter>x86_64-fma</Filter>
    </None>
    <None Include="src\x86_64-fma\max-pooling.py">
      <Filter>x86_64-fma</Filter>
    </None>
    <None Include="src\x86_64-fma\relu.py">
      <Filter>x86_64-fma</Filter>
    </None>
    <None Include="src\x86_64-fma\winograd-f6k3.py">
      <Filter>x86_64-fma</Filter>
    </None>
    <None Include="src\x86_64-fma\blas\c8gemm.py">
      <Filter>x86_64-fma\blas</Filter>
    </None>
    <None Include="src\x86_64-fma\blas\conv1x1.py">
      <Filter>x86_64-fma\blas</Filter>
    </None>
    <None Include="src\x86_64-fma\blas\s4c6gemm.py">
      <Filter>x86_64-fma\blas</Filter>
    </None>
    <None Include="src\x86_64-fma\blas\s8gemm.py">
      <Filter>x86_64-fma\blas</Filter>
    </None>
    <None Include="src\x86_64-fma\blas\sdotxf.py">
      <Filter>x86_64-fma\blas</Filter>
    </None>
    <None Include="src\x86_64-fma\blas\sgemm.py">
      <Filter>x86_64-fma\blas</Filter>
    </None>
    <None Include="src\x86_64-fma\blas\shdotxf.py">
      <Filter>x86_64-fma\blas</Filter>
    </None>
    <None Include="src\x86_64-fma\fft\complex_soa.py">
      <Filter>x86_64-fma\fft</Filter>
    </None>
    <None Include="src\x86_64-fma\fft\complex_soa_perm_to_real.py">
      <Filter>x86_64-fma\fft</Filter>
    </None>
    <None Include="src\x86_64-fma\fft\real_to_complex_soa_perm.py">
      <Filter>x86_64-fma\fft</Filter>
    </None>
    <None Include="src\x86_64-fma\fft\two_complex_soa_perm_to_two_real_planar.py">
      <Filter>x86_64-fma\fft</Filter>
    </None>
    <None Include="src\x86_64-fma\fft\two_real_to_two_complex_soa_perm_planar.py">
      <Filter>x86_64-fma\fft</Filter>
    </None>
    <None Include="src\x86_64-fma\winograd\o6x6k3x3.py">
      <Filter>x86_64-fma\winograd</Filter>
    </None>
    <None Include="src\x86_64-fma\softmax.py">
      <Filter>x86_64-fma</Filter>
    </None>
    <None Include="src\x86_64-fma\exp.py">
      <Filter>x86_64-fma</Filter>
    </None>
    <None Include="src\x86_64-fma\vecmath\exp.py">
      <Filter>x86_64-fma\vecmath</Filter>
    </None>
    <None Include="src\x86_64-fma\buildDebug.bat">
      <Filter>x86_64-fma</Filter>
    </None>
    <None Include="src\x86_64-fma\buildRelease.bat">
      <Filter>x86_64-fma</Filter>
    </None>
    <None Include="bench\memread.py">
      <Filter>bench</Filter>
    </None>
  </ItemGroup>
</Project>