
Microsoft Visual Studio Solution File, Format Version 12.00
# Visual Studio 15
VisualStudioVersion = 15.0.27004.2010
MinimumVisualStudioVersion = 10.0.40219.1
Project("{8BC9CEB8-8B4A-11D0-8D11-00A0C91BC942}") = "nnpack", "nnpack.vcxproj", "{F65AA511-BC6E-4CCA-A684-ACCDB72D4E83}"
EndProject
Project("{8BC9CEB8-8B4A-11D0-8D11-00A0C91BC942}") = "test", "test\test.vcxproj", "{747F24E9-8F98-4D1F-B7FB-A8F9D7DB173D}"
EndProject
Project("{8BC9CEB8-8B4A-11D0-8D11-00A0C91BC942}") = "gtest", "googletest\googletest\msvc\2010\gtest.vcxproj", "{C8F6C172-56F2-4E76-B5FA-C3B423B31BE7}"
EndProject
Project("{2150E333-8FDC-42A3-9474-1A3956D46DE8}") = "Solution Items", "Solution Items", "{70AC2E2E-794C-4D30-8636-7FDD20C4BEDD}"
	ProjectSection(SolutionItems) = preProject
		benchmark.py = benchmark.py
		src\x86_64-fma\buildDebug.bat = src\x86_64-fma\buildDebug.bat
		src\x86_64-fma\buildRelease.bat = src\x86_64-fma\buildRelease.bat
		CMakeLists.txt = CMakeLists.txt
		configure.py = configure.py
		confu.yaml = confu.yaml
		README.md = README.md
	EndProjectSection
EndProject
Project("{8BC9CEB8-8B4A-11D0-8D11-00A0C91BC942}") = "cpuinfo", "cpuinfo\cpuinfo.vcxproj", "{35AE7A8E-CF62-38CD-B6C3-4DCCAC60A54D}"
EndProject
Global
	GlobalSection(SolutionConfigurationPlatforms) = preSolution
		Debug|Itanium = Debug|Itanium
		Debug|x64 = Debug|x64
		Debug|x86 = Debug|x86
		MinSizeRel|Itanium = MinSizeRel|Itanium
		MinSizeRel|x64 = MinSizeRel|x64
		MinSizeRel|x86 = MinSizeRel|x86
		Release|Itanium = Release|Itanium
		Release|x64 = Release|x64
		Release|x86 = Release|x86
		RelWithDebInfo|Itanium = RelWithDebInfo|Itanium
		RelWithDebInfo|x64 = RelWithDebInfo|x64
		RelWithDebInfo|x86 = RelWithDebInfo|x86
	EndGlobalSection
	GlobalSection(ProjectConfigurationPlatforms) = postSolution
		{F65AA511-BC6E-4CCA-A684-ACCDB72D4E83}.Debug|Itanium.ActiveCfg = Debug|Win32
		{F65AA511-BC6E-4CCA-A684-ACCDB72D4E83}.Debug|x64.ActiveCfg = Debug|x64
		{F65AA511-BC6E-4CCA-A684-ACCDB72D4E83}.Debug|x86.ActiveCfg = Debug|Win32
		{F65AA511-BC6E-4CCA-A684-ACCDB72D4E83}.Debug|x86.Build.0 = Debug|Win32
		{F65AA511-BC6E-4CCA-A684-ACCDB72D4E83}.MinSizeRel|Itanium.ActiveCfg = Release|x64
		{F65AA511-BC6E-4CCA-A684-ACCDB72D4E83}.MinSizeRel|Itanium.Build.0 = Release|x64
		{F65AA511-BC6E-4CCA-A684-ACCDB72D4E83}.MinSizeRel|x64.ActiveCfg = Release|x64
		{F65AA511-BC6E-4CCA-A684-ACCDB72D4E83}.MinSizeRel|x64.Build.0 = Release|x64
		{F65AA511-BC6E-4CCA-A684-ACCDB72D4E83}.MinSizeRel|x86.ActiveCfg = Release|Win32
		{F65AA511-BC6E-4CCA-A684-ACCDB72D4E83}.MinSizeRel|x86.Build.0 = Release|Win32
		{F65AA511-BC6E-4CCA-A684-ACCDB72D4E83}.Release|Itanium.ActiveCfg = Release|Win32
		{F65AA511-BC6E-4CCA-A684-ACCDB72D4E83}.Release|x64.ActiveCfg = Release|x64
		{F65AA511-BC6E-4CCA-A684-ACCDB72D4E83}.Release|x86.ActiveCfg = Release|Win32
		{F65AA511-BC6E-4CCA-A684-ACCDB72D4E83}.Release|x86.Build.0 = Release|Win32
		{F65AA511-BC6E-4CCA-A684-ACCDB72D4E83}.RelWithDebInfo|Itanium.ActiveCfg = Release|x64
		{F65AA511-BC6E-4CCA-A684-ACCDB72D4E83}.RelWithDebInfo|Itanium.Build.0 = Release|x64
		{F65AA511-BC6E-4CCA-A684-ACCDB72D4E83}.RelWithDebInfo|x64.ActiveCfg = Release|x64
		{F65AA511-BC6E-4CCA-A684-ACCDB72D4E83}.RelWithDebInfo|x64.Build.0 = Release|x64
		{F65AA511-BC6E-4CCA-A684-ACCDB72D4E83}.RelWithDebInfo|x86.ActiveCfg = Release|Win32
		{F65AA511-BC6E-4CCA-A684-ACCDB72D4E83}.RelWithDebInfo|x86.Build.0 = Release|Win32
		{747F24E9-8F98-4D1F-B7FB-A8F9D7DB173D}.Debug|Itanium.ActiveCfg = Debug|Win32
		{747F24E9-8F98-4D1F-B7FB-A8F9D7DB173D}.Debug|x64.ActiveCfg = Debug|x64
		{747F24E9-8F98-4D1F-B7FB-A8F9D7DB173D}.Debug|x86.ActiveCfg = Debug|Win32
		{747F24E9-8F98-4D1F-B7FB-A8F9D7DB173D}.Debug|x86.Build.0 = Debug|Win32
		{747F24E9-8F98-4D1F-B7FB-A8F9D7DB173D}.MinSizeRel|Itanium.ActiveCfg = Release|x64
		{747F24E9-8F98-4D1F-B7FB-A8F9D7DB173D}.MinSizeRel|Itanium.Build.0 = Release|x64
		{747F24E9-8F98-4D1F-B7FB-A8F9D7DB173D}.MinSizeRel|x64.ActiveCfg = Release|x64
		{747F24E9-8F98-4D1F-B7FB-A8F9D7DB173D}.MinSizeRel|x64.Build.0 = Release|x64
		{747F24E9-8F98-4D1F-B7FB-A8F9D7DB173D}.MinSizeRel|x86.ActiveCfg = Release|Win32
		{747F24E9-8F98-4D1F-B7FB-A8F9D7DB173D}.MinSizeRel|x86.Build.0 = Release|Win32
		{747F24E9-8F98-4D1F-B7FB-A8F9D7DB173D}.Release|Itanium.ActiveCfg = Release|Win32
		{747F24E9-8F98-4D1F-B7FB-A8F9D7DB173D}.Release|x64.ActiveCfg = Release|x64
		{747F24E9-8F98-4D1F-B7FB-A8F9D7DB173D}.Release|x86.ActiveCfg = Release|Win32
		{747F24E9-8F98-4D1F-B7FB-A8F9D7DB173D}.Release|x86.Build.0 = Release|Win32
		{747F24E9-8F98-4D1F-B7FB-A8F9D7DB173D}.RelWithDebInfo|Itanium.ActiveCfg = Release|x64
		{747F24E9-8F98-4D1F-B7FB-A8F9D7DB173D}.RelWithDebInfo|Itanium.Build.0 = Release|x64
		{747F24E9-8F98-4D1F-B7FB-A8F9D7DB173D}.RelWithDebInfo|x64.ActiveCfg = Release|x64
		{747F24E9-8F98-4D1F-B7FB-A8F9D7DB173D}.RelWithDebInfo|x64.Build.0 = Release|x64
		{747F24E9-8F98-4D1F-B7FB-A8F9D7DB173D}.RelWithDebInfo|x86.ActiveCfg = Release|Win32
		{747F24E9-8F98-4D1F-B7FB-A8F9D7DB173D}.RelWithDebInfo|x86.Build.0 = Release|Win32
		{C8F6C172-56F2-4E76-B5FA-C3B423B31BE7}.Debug|Itanium.ActiveCfg = Debug|Win32
		{C8F6C172-56F2-4E76-B5FA-C3B423B31BE7}.Debug|x64.ActiveCfg = Debug|x64
		{C8F6C172-56F2-4E76-B5FA-C3B423B31BE7}.Debug|x86.ActiveCfg = Debug|Win32
		{C8F6C172-56F2-4E76-B5FA-C3B423B31BE7}.Debug|x86.Build.0 = Debug|Win32
		{C8F6C172-56F2-4E76-B5FA-C3B423B31BE7}.Debug|x86.Deploy.0 = Debug|Win32
		{C8F6C172-56F2-4E76-B5FA-C3B423B31BE7}.MinSizeRel|Itanium.ActiveCfg = Release|x64
		{C8F6C172-56F2-4E76-B5FA-C3B423B31BE7}.MinSizeRel|Itanium.Build.0 = Release|x64
		{C8F6C172-56F2-4E76-B5FA-C3B423B31BE7}.MinSizeRel|x64.ActiveCfg = Release|x64
		{C8F6C172-56F2-4E76-B5FA-C3B423B31BE7}.MinSizeRel|x64.Build.0 = Release|x64
		{C8F6C172-56F2-4E76-B5FA-C3B423B31BE7}.MinSizeRel|x86.ActiveCfg = Release|Win32
		{C8F6C172-56F2-4E76-B5FA-C3B423B31BE7}.MinSizeRel|x86.Build.0 = Release|Win32
		{C8F6C172-56F2-4E76-B5FA-C3B423B31BE7}.Release|Itanium.ActiveCfg = Release|Win32
		{C8F6C172-56F2-4E76-B5FA-C3B423B31BE7}.Release|x64.ActiveCfg = Release|x64
		{C8F6C172-56F2-4E76-B5FA-C3B423B31BE7}.Release|x86.ActiveCfg = Release|Win32
		{C8F6C172-56F2-4E76-B5FA-C3B423B31BE7}.Release|x86.Build.0 = Release|Win32
		{C8F6C172-56F2-4E76-B5FA-C3B423B31BE7}.Release|x86.Deploy.0 = Release|Win32
		{C8F6C172-56F2-4E76-B5FA-C3B423B31BE7}.RelWithDebInfo|Itanium.ActiveCfg = Release|x64
		{C8F6C172-56F2-4E76-B5FA-C3B423B31BE7}.RelWithDebInfo|Itanium.Build.0 = Release|x64
		{C8F6C172-56F2-4E76-B5FA-C3B423B31BE7}.RelWithDebInfo|x64.ActiveCfg = Release|x64
		{C8F6C172-56F2-4E76-B5FA-C3B423B31BE7}.RelWithDebInfo|x64.Build.0 = Release|x64
		{C8F6C172-56F2-4E76-B5FA-C3B423B31BE7}.RelWithDebInfo|x86.ActiveCfg = Release|Win32
		{C8F6C172-56F2-4E76-B5FA-C3B423B31BE7}.RelWithDebInfo|x86.Build.0 = Release|Win32
		{35AE7A8E-CF62-38CD-B6C3-4DCCAC60A54D}.Debug|Itanium.ActiveCfg = Debug|x64
		{35AE7A8E-CF62-38CD-B6C3-4DCCAC60A54D}.Debug|x64.ActiveCfg = Debug|x64
		{35AE7A8E-CF62-38CD-B6C3-4DCCAC60A54D}.Debug|x86.ActiveCfg = Debug|x64
		{35AE7A8E-CF62-38CD-B6C3-4DCCAC60A54D}.MinSizeRel|Itanium.ActiveCfg = MinSizeRel|x64
		{35AE7A8E-CF62-38CD-B6C3-4DCCAC60A54D}.MinSizeRel|x64.ActiveCfg = MinSizeRel|x64
		{35AE7A8E-CF62-38CD-B6C3-4DCCAC60A54D}.MinSizeRel|x64.Build.0 = MinSizeRel|x64
		{35AE7A8E-CF62-38CD-B6C3-4DCCAC60A54D}.MinSizeRel|x86.ActiveCfg = MinSizeRel|x64
		{35AE7A8E-CF62-38CD-B6C3-4DCCAC60A54D}.Release|Itanium.ActiveCfg = Release|x64
		{35AE7A8E-CF62-38CD-B6C3-4DCCAC60A54D}.Release|x64.ActiveCfg = Release|x64
		{35AE7A8E-CF62-38CD-B6C3-4DCCAC60A54D}.Release|x86.ActiveCfg = Release|x64
		{35AE7A8E-CF62-38CD-B6C3-4DCCAC60A54D}.RelWithDebInfo|Itanium.ActiveCfg = RelWithDebInfo|x64
		{35AE7A8E-CF62-38CD-B6C3-4DCCAC60A54D}.RelWithDebInfo|x64.ActiveCfg = RelWithDebInfo|x64
		{35AE7A8E-CF62-38CD-B6C3-4DCCAC60A54D}.RelWithDebInfo|x64.Build.0 = RelWithDebInfo|x64
		{35AE7A8E-CF62-38CD-B6C3-4DCCAC60A54D}.RelWithDebInfo|x86.ActiveCfg = RelWithDebInfo|x64
	EndGlobalSection
	GlobalSection(SolutionProperties) = preSolution
		HideSolutionNode = FALSE
	EndGlobalSection
	GlobalSection(ExtensibilityGlobals) = postSolution
		SolutionGuid = {E54E6B99-876B-4E39-8E26-549493F31568}
	EndGlobalSection
EndGlobal
