<?xml version="1.0" encoding="utf-8"?>
<Project ToolsVersion="15.0" xmlns="http://schemas.microsoft.com/developer/msbuild/2003">
  <ItemGroup>
    <ClCompile Include="C:\Users\dhaen\Source\Repos\nnpack-windows\cpuinfo\src\init.c">
      <Filter>Source Files</Filter>
    </ClCompile>
    <ClCompile Include="C:\Users\dhaen\Source\Repos\nnpack-windows\cpuinfo\src\api.c">
      <Filter>Source Files</Filter>
    </ClCompile>
    <ClCompile Include="C:\Users\dhaen\Source\Repos\nnpack-windows\cpuinfo\src\x86\init.c">
      <Filter>Source Files</Filter>
    </ClCompile>
    <ClCompile Include="C:\Users\dhaen\Source\Repos\nnpack-windows\cpuinfo\src\x86\info.c">
      <Filter>Source Files</Filter>
    </ClCompile>
    <ClCompile Include="C:\Users\dhaen\Source\Repos\nnpack-windows\cpuinfo\src\x86\vendor.c">
      <Filter>Source Files</Filter>
    </ClCompile>
    <ClCompile Include="C:\Users\dhaen\Source\Repos\nnpack-windows\cpuinfo\src\x86\uarch.c">
      <Filter>Source Files</Filter>
    </ClCompile>
    <ClCompile Include="C:\Users\dhaen\Source\Repos\nnpack-windows\cpuinfo\src\x86\name.c">
      <Filter>Source Files</Filter>
    </ClCompile>
    <ClCompile Include="C:\Users\dhaen\Source\Repos\nnpack-windows\cpuinfo\src\x86\topology.c">
      <Filter>Source Files</Filter>
    </ClCompile>
    <ClCompile Include="C:\Users\dhaen\Source\Repos\nnpack-windows\cpuinfo\src\x86\isa.c">
      <Filter>Source Files</Filter>
    </ClCompile>
    <ClCompile Include="C:\Users\dhaen\Source\Repos\nnpack-windows\cpuinfo\src\x86\cache\init.c">
      <Filter>Source Files</Filter>
    </ClCompile>
    <ClCompile Include="C:\Users\dhaen\Source\Repos\nnpack-windows\cpuinfo\src\x86\cache\descriptor.c">
      <Filter>Source Files</Filter>
    </ClCompile>
    <ClCompile Include="C:\Users\dhaen\Source\Repos\nnpack-windows\cpuinfo\src\x86\cache\deterministic.c">
      <Filter>Source Files</Filter>
    </ClCompile>
    <ClCompile Include="C:\Users\dhaen\Source\Repos\nnpack-windows\cpuinfo\src\x86\windows\init.c">
      <Filter>Source Files</Filter>
    </ClCompile>
  </ItemGroup>
  <ItemGroup>
    <CustomBuild Include="C:\Users\dhaen\Source\Repos\nnpack-windows\cpuinfo\CMakeLists.txt" />
  </ItemGroup>
  <ItemGroup>
    <Filter Include="Source Files">
      <UniqueIdentifier>{BA537855-5C89-3D7C-AFF5-F793DD12C008}</UniqueIdentifier>
    </Filter>
  </ItemGroup>
</Project>