Microsoft Visual Studio Solution File, Format Version 12.00
# Visual Studio 15
Project("{8BC9CEB8-8B4A-11D0-8D11-00A0C91BC942}") = "ALL_BUILD", "ALL_BUILD.vcxproj", "{093D4F5C-72CF-34F8-A223-4D8694BB9862}"
	ProjectSection(ProjectDependencies) = postProject
		{A64E3DCA-6954-3F57-A4A2-2276D5DFD4A4} = {A64E3DCA-6954-3F57-A4A2-2276D5DFD4A4}
		{A58B43E5-E333-3F31-A0B3-4318A631692A} = {A58B43E5-E333-3F31-A0B3-4318A631692A}
		{3A03A163-4FF0-3649-97B9-10A029101549} = {3A03A163-4FF0-3649-97B9-10A029101549}
		{AD7A987A-2065-3F45-9139-671FAF57AB9E} = {AD7A987A-2065-3F45-9139-671FAF57AB9E}
		{64D80102-82DE-31DC-8095-9CA76F83354A} = {64D80102-82DE-31DC-8095-9CA76F83354A}
		{35AE7A8E-CF62-38CD-B6C3-4DCCAC60A54D} = {35AE7A8E-CF62-38CD-B6C3-4DCCAC60A54D}
		{93EF3FCF-D319-313B-8B66-785C52B1C221} = {93EF3FCF-D319-313B-8B66-785C52B1C221}
		{7C213EB4-A4B6-3626-A5F0-ABCB81E2F6F0} = {7C213EB4-A4B6-3626-A5F0-ABCB81E2F6F0}
		{0DE43A76-3E34-3E34-9A35-AE507F9B2C7A} = {0DE43A76-3E34-3E34-9A35-AE507F9B2C7A}
		{8F6560F2-DC28-311E-B555-7CD4EE687CB3} = {8F6560F2-DC28-311E-B555-7CD4EE687CB3}
		{EBB7FF66-4F7F-38E9-80F0-73CE237FCBBF} = {EBB7FF66-4F7F-38E9-80F0-73CE237FCBBF}
		{CB736E03-ED7C-399B-AF05-42054083DEE4} = {CB736E03-ED7C-399B-AF05-42054083DEE4}
		{DF1D015B-82A8-3D12-BC6A-4A8AFD4365CB} = {DF1D015B-82A8-3D12-BC6A-4A8AFD4365CB}
		{35A8B57B-F961-385C-8FFE-FBD81EB60097} = {35A8B57B-F961-385C-8FFE-FBD81EB60097}
	EndProjectSection
EndProject
Project("{8BC9CEB8-8B4A-11D0-8D11-00A0C91BC942}") = "INSTALL", "INSTALL.vcxproj", "{3AAAEB07-63DE-3849-93A6-99AE0383C697}"
	ProjectSection(ProjectDependencies) = postProject
		{093D4F5C-72CF-34F8-A223-4D8694BB9862} = {093D4F5C-72CF-34F8-A223-4D8694BB9862}
		{A64E3DCA-6954-3F57-A4A2-2276D5DFD4A4} = {A64E3DCA-6954-3F57-A4A2-2276D5DFD4A4}
	EndProjectSection
EndProject
Project("{8BC9CEB8-8B4A-11D0-8D11-00A0C91BC942}") = "RUN_TESTS", "RUN_TESTS.vcxproj", "{399D7BA7-5494-3E97-A730-A3C185CB4E1F}"
	ProjectSection(ProjectDependencies) = postProject
		{A64E3DCA-6954-3F57-A4A2-2276D5DFD4A4} = {A64E3DCA-6954-3F57-A4A2-2276D5DFD4A4}
	EndProjectSection
EndProject
Project("{8BC9CEB8-8B4A-11D0-8D11-00A0C91BC942}") = "ZERO_CHECK", "ZERO_CHECK.vcxproj", "{A64E3DCA-6954-3F57-A4A2-2276D5DFD4A4}"
	ProjectSection(ProjectDependencies) = postProject
	EndProjectSection
EndProject
Project("{8BC9CEB8-8B4A-11D0-8D11-00A0C91BC942}") = "benchmark", "deps\googlebenchmark\src\benchmark.vcxproj", "{A58B43E5-E333-3F31-A0B3-4318A631692A}"
	ProjectSection(ProjectDependencies) = postProject
		{A64E3DCA-6954-3F57-A4A2-2276D5DFD4A4} = {A64E3DCA-6954-3F57-A4A2-2276D5DFD4A4}
	EndProjectSection
EndProject
Project("{8BC9CEB8-8B4A-11D0-8D11-00A0C91BC942}") = "cache-info", "cache-info.vcxproj", "{3A03A163-4FF0-3649-97B9-10A029101549}"
	ProjectSection(ProjectDependencies) = postProject
		{A64E3DCA-6954-3F57-A4A2-2276D5DFD4A4} = {A64E3DCA-6954-3F57-A4A2-2276D5DFD4A4}
		{35AE7A8E-CF62-38CD-B6C3-4DCCAC60A54D} = {35AE7A8E-CF62-38CD-B6C3-4DCCAC60A54D}
	EndProjectSection
EndProject
Project("{8BC9CEB8-8B4A-11D0-8D11-00A0C91BC942}") = "cpu-info", "cpu-info.vcxproj", "{AD7A987A-2065-3F45-9139-671FAF57AB9E}"
	ProjectSection(ProjectDependencies) = postProject
		{A64E3DCA-6954-3F57-A4A2-2276D5DFD4A4} = {A64E3DCA-6954-3F57-A4A2-2276D5DFD4A4}
		{35AE7A8E-CF62-38CD-B6C3-4DCCAC60A54D} = {35AE7A8E-CF62-38CD-B6C3-4DCCAC60A54D}
	EndProjectSection
EndProject
Project("{8BC9CEB8-8B4A-11D0-8D11-00A0C91BC942}") = "cpuid-dump", "cpuid-dump.vcxproj", "{64D80102-82DE-31DC-8095-9CA76F83354A}"
	ProjectSection(ProjectDependencies) = postProject
		{A64E3DCA-6954-3F57-A4A2-2276D5DFD4A4} = {A64E3DCA-6954-3F57-A4A2-2276D5DFD4A4}
	EndProjectSection
EndProject
Project("{8BC9CEB8-8B4A-11D0-8D11-00A0C91BC942}") = "cpuinfo", "cpuinfo.vcxproj", "{35AE7A8E-CF62-38CD-B6C3-4DCCAC60A54D}"
	ProjectSection(ProjectDependencies) = postProject
		{A64E3DCA-6954-3F57-A4A2-2276D5DFD4A4} = {A64E3DCA-6954-3F57-A4A2-2276D5DFD4A4}
	EndProjectSection
EndProject
Project("{8BC9CEB8-8B4A-11D0-8D11-00A0C91BC942}") = "cpuinfo_mock", "cpuinfo_mock.vcxproj", "{93EF3FCF-D319-313B-8B66-785C52B1C221}"
	ProjectSection(ProjectDependencies) = postProject
		{A64E3DCA-6954-3F57-A4A2-2276D5DFD4A4} = {A64E3DCA-6954-3F57-A4A2-2276D5DFD4A4}
	EndProjectSection
EndProject
Project("{8BC9CEB8-8B4A-11D0-8D11-00A0C91BC942}") = "gmock", "deps\googletest\googlemock\gmock.vcxproj", "{7C213EB4-A4B6-3626-A5F0-ABCB81E2F6F0}"
	ProjectSection(ProjectDependencies) = postProject
		{A64E3DCA-6954-3F57-A4A2-2276D5DFD4A4} = {A64E3DCA-6954-3F57-A4A2-2276D5DFD4A4}
	EndProjectSection
EndProject
Project("{8BC9CEB8-8B4A-11D0-8D11-00A0C91BC942}") = "gmock_main", "deps\googletest\googlemock\gmock_main.vcxproj", "{0DE43A76-3E34-3E34-9A35-AE507F9B2C7A}"
	ProjectSection(ProjectDependencies) = postProject
		{A64E3DCA-6954-3F57-A4A2-2276D5DFD4A4} = {A64E3DCA-6954-3F57-A4A2-2276D5DFD4A4}
	EndProjectSection
EndProject
Project("{8BC9CEB8-8B4A-11D0-8D11-00A0C91BC942}") = "gtest", "deps\googletest\googlemock\gtest\gtest.vcxproj", "{8F6560F2-DC28-311E-B555-7CD4EE687CB3}"
	ProjectSection(ProjectDependencies) = postProject
		{A64E3DCA-6954-3F57-A4A2-2276D5DFD4A4} = {A64E3DCA-6954-3F57-A4A2-2276D5DFD4A4}
	EndProjectSection
EndProject
Project("{8BC9CEB8-8B4A-11D0-8D11-00A0C91BC942}") = "gtest_main", "deps\googletest\googlemock\gtest\gtest_main.vcxproj", "{EBB7FF66-4F7F-38E9-80F0-73CE237FCBBF}"
	ProjectSection(ProjectDependencies) = postProject
		{A64E3DCA-6954-3F57-A4A2-2276D5DFD4A4} = {A64E3DCA-6954-3F57-A4A2-2276D5DFD4A4}
		{8F6560F2-DC28-311E-B555-7CD4EE687CB3} = {8F6560F2-DC28-311E-B555-7CD4EE687CB3}
	EndProjectSection
EndProject
Project("{8BC9CEB8-8B4A-11D0-8D11-00A0C91BC942}") = "init-bench", "init-bench.vcxproj", "{CB736E03-ED7C-399B-AF05-42054083DEE4}"
	ProjectSection(ProjectDependencies) = postProject
		{A64E3DCA-6954-3F57-A4A2-2276D5DFD4A4} = {A64E3DCA-6954-3F57-A4A2-2276D5DFD4A4}
		{A58B43E5-E333-3F31-A0B3-4318A631692A} = {A58B43E5-E333-3F31-A0B3-4318A631692A}
		{35AE7A8E-CF62-38CD-B6C3-4DCCAC60A54D} = {35AE7A8E-CF62-38CD-B6C3-4DCCAC60A54D}
	EndProjectSection
EndProject
Project("{8BC9CEB8-8B4A-11D0-8D11-00A0C91BC942}") = "init-test", "init-test.vcxproj", "{DF1D015B-82A8-3D12-BC6A-4A8AFD4365CB}"
	ProjectSection(ProjectDependencies) = postProject
		{A64E3DCA-6954-3F57-A4A2-2276D5DFD4A4} = {A64E3DCA-6954-3F57-A4A2-2276D5DFD4A4}
		{35AE7A8E-CF62-38CD-B6C3-4DCCAC60A54D} = {35AE7A8E-CF62-38CD-B6C3-4DCCAC60A54D}
		{8F6560F2-DC28-311E-B555-7CD4EE687CB3} = {8F6560F2-DC28-311E-B555-7CD4EE687CB3}
	EndProjectSection
EndProject
Project("{8BC9CEB8-8B4A-11D0-8D11-00A0C91BC942}") = "isa-info", "isa-info.vcxproj", "{35A8B57B-F961-385C-8FFE-FBD81EB60097}"
	ProjectSection(ProjectDependencies) = postProject
		{A64E3DCA-6954-3F57-A4A2-2276D5DFD4A4} = {A64E3DCA-6954-3F57-A4A2-2276D5DFD4A4}
		{35AE7A8E-CF62-38CD-B6C3-4DCCAC60A54D} = {35AE7A8E-CF62-38CD-B6C3-4DCCAC60A54D}
	EndProjectSection
EndProject
Global
	GlobalSection(SolutionConfigurationPlatforms) = preSolution
		Debug|Win32 = Debug|Win32
		Release|Win32 = Release|Win32
		MinSizeRel|Win32 = MinSizeRel|Win32
		RelWithDebInfo|Win32 = RelWithDebInfo|Win32
	EndGlobalSection
	GlobalSection(ProjectConfigurationPlatforms) = postSolution
		{093D4F5C-72CF-34F8-A223-4D8694BB9862}.Debug|Win32.ActiveCfg = Debug|Win32
		{093D4F5C-72CF-34F8-A223-4D8694BB9862}.Debug|Win32.Build.0 = Debug|Win32
		{093D4F5C-72CF-34F8-A223-4D8694BB9862}.Release|Win32.ActiveCfg = Release|Win32
		{093D4F5C-72CF-34F8-A223-4D8694BB9862}.Release|Win32.Build.0 = Release|Win32
		{093D4F5C-72CF-34F8-A223-4D8694BB9862}.MinSizeRel|Win32.ActiveCfg = MinSizeRel|Win32
		{093D4F5C-72CF-34F8-A223-4D8694BB9862}.MinSizeRel|Win32.Build.0 = MinSizeRel|Win32
		{093D4F5C-72CF-34F8-A223-4D8694BB9862}.RelWithDebInfo|Win32.ActiveCfg = RelWithDebInfo|Win32
		{093D4F5C-72CF-34F8-A223-4D8694BB9862}.RelWithDebInfo|Win32.Build.0 = RelWithDebInfo|Win32
		{3AAAEB07-63DE-3849-93A6-99AE0383C697}.Debug|Win32.ActiveCfg = Debug|Win32
		{3AAAEB07-63DE-3849-93A6-99AE0383C697}.Release|Win32.ActiveCfg = Release|Win32
		{3AAAEB07-63DE-3849-93A6-99AE0383C697}.MinSizeRel|Win32.ActiveCfg = MinSizeRel|Win32
		{3AAAEB07-63DE-3849-93A6-99AE0383C697}.RelWithDebInfo|Win32.ActiveCfg = RelWithDebInfo|Win32
		{399D7BA7-5494-3E97-A730-A3C185CB4E1F}.Debug|Win32.ActiveCfg = Debug|Win32
		{399D7BA7-5494-3E97-A730-A3C185CB4E1F}.Release|Win32.ActiveCfg = Release|Win32
		{399D7BA7-5494-3E97-A730-A3C185CB4E1F}.MinSizeRel|Win32.ActiveCfg = MinSizeRel|Win32
		{399D7BA7-5494-3E97-A730-A3C185CB4E1F}.RelWithDebInfo|Win32.ActiveCfg = RelWithDebInfo|Win32
		{A64E3DCA-6954-3F57-A4A2-2276D5DFD4A4}.Debug|Win32.ActiveCfg = Debug|Win32
		{A64E3DCA-6954-3F57-A4A2-2276D5DFD4A4}.Debug|Win32.Build.0 = Debug|Win32
		{A64E3DCA-6954-3F57-A4A2-2276D5DFD4A4}.Release|Win32.ActiveCfg = Release|Win32
		{A64E3DCA-6954-3F57-A4A2-2276D5DFD4A4}.Release|Win32.Build.0 = Release|Win32
		{A64E3DCA-6954-3F57-A4A2-2276D5DFD4A4}.MinSizeRel|Win32.ActiveCfg = MinSizeRel|Win32
		{A64E3DCA-6954-3F57-A4A2-2276D5DFD4A4}.MinSizeRel|Win32.Build.0 = MinSizeRel|Win32
		{A64E3DCA-6954-3F57-A4A2-2276D5DFD4A4}.RelWithDebInfo|Win32.ActiveCfg = RelWithDebInfo|Win32
		{A64E3DCA-6954-3F57-A4A2-2276D5DFD4A4}.RelWithDebInfo|Win32.Build.0 = RelWithDebInfo|Win32
		{A58B43E5-E333-3F31-A0B3-4318A631692A}.Debug|Win32.ActiveCfg = Debug|Win32
		{A58B43E5-E333-3F31-A0B3-4318A631692A}.Debug|Win32.Build.0 = Debug|Win32
		{A58B43E5-E333-3F31-A0B3-4318A631692A}.Release|Win32.ActiveCfg = Release|Win32
		{A58B43E5-E333-3F31-A0B3-4318A631692A}.Release|Win32.Build.0 = Release|Win32
		{A58B43E5-E333-3F31-A0B3-4318A631692A}.MinSizeRel|Win32.ActiveCfg = MinSizeRel|Win32
		{A58B43E5-E333-3F31-A0B3-4318A631692A}.MinSizeRel|Win32.Build.0 = MinSizeRel|Win32
		{A58B43E5-E333-3F31-A0B3-4318A631692A}.RelWithDebInfo|Win32.ActiveCfg = RelWithDebInfo|Win32
		{A58B43E5-E333-3F31-A0B3-4318A631692A}.RelWithDebInfo|Win32.Build.0 = RelWithDebInfo|Win32
		{3A03A163-4FF0-3649-97B9-10A029101549}.Debug|Win32.ActiveCfg = Debug|Win32
		{3A03A163-4FF0-3649-97B9-10A029101549}.Debug|Win32.Build.0 = Debug|Win32
		{3A03A163-4FF0-3649-97B9-10A029101549}.Release|Win32.ActiveCfg = Release|Win32
		{3A03A163-4FF0-3649-97B9-10A029101549}.Release|Win32.Build.0 = Release|Win32
		{3A03A163-4FF0-3649-97B9-10A029101549}.MinSizeRel|Win32.ActiveCfg = MinSizeRel|Win32
		{3A03A163-4FF0-3649-97B9-10A029101549}.MinSizeRel|Win32.Build.0 = MinSizeRel|Win32
		{3A03A163-4FF0-3649-97B9-10A029101549}.RelWithDebInfo|Win32.ActiveCfg = RelWithDebInfo|Win32
		{3A03A163-4FF0-3649-97B9-10A029101549}.RelWithDebInfo|Win32.Build.0 = RelWithDebInfo|Win32
		{AD7A987A-2065-3F45-9139-671FAF57AB9E}.Debug|Win32.ActiveCfg = Debug|Win32
		{AD7A987A-2065-3F45-9139-671FAF57AB9E}.Debug|Win32.Build.0 = Debug|Win32
		{AD7A987A-2065-3F45-9139-671FAF57AB9E}.Release|Win32.ActiveCfg = Release|Win32
		{AD7A987A-2065-3F45-9139-671FAF57AB9E}.Release|Win32.Build.0 = Release|Win32
		{AD7A987A-2065-3F45-9139-671FAF57AB9E}.MinSizeRel|Win32.ActiveCfg = MinSizeRel|Win32
		{AD7A987A-2065-3F45-9139-671FAF57AB9E}.MinSizeRel|Win32.Build.0 = MinSizeRel|Win32
		{AD7A987A-2065-3F45-9139-671FAF57AB9E}.RelWithDebInfo|Win32.ActiveCfg = RelWithDebInfo|Win32
		{AD7A987A-2065-3F45-9139-671FAF57AB9E}.RelWithDebInfo|Win32.Build.0 = RelWithDebInfo|Win32
		{64D80102-82DE-31DC-8095-9CA76F83354A}.Debug|Win32.ActiveCfg = Debug|Win32
		{64D80102-82DE-31DC-8095-9CA76F83354A}.Debug|Win32.Build.0 = Debug|Win32
		{64D80102-82DE-31DC-8095-9CA76F83354A}.Release|Win32.ActiveCfg = Release|Win32
		{64D80102-82DE-31DC-8095-9CA76F83354A}.Release|Win32.Build.0 = Release|Win32
		{64D80102-82DE-31DC-8095-9CA76F83354A}.MinSizeRel|Win32.ActiveCfg = MinSizeRel|Win32
		{64D80102-82DE-31DC-8095-9CA76F83354A}.MinSizeRel|Win32.Build.0 = MinSizeRel|Win32
		{64D80102-82DE-31DC-8095-9CA76F83354A}.RelWithDebInfo|Win32.ActiveCfg = RelWithDebInfo|Win32
		{64D80102-82DE-31DC-8095-9CA76F83354A}.RelWithDebInfo|Win32.Build.0 = RelWithDebInfo|Win32
		{35AE7A8E-CF62-38CD-B6C3-4DCCAC60A54D}.Debug|Win32.ActiveCfg = Debug|Win32
		{35AE7A8E-CF62-38CD-B6C3-4DCCAC60A54D}.Debug|Win32.Build.0 = Debug|Win32
		{35AE7A8E-CF62-38CD-B6C3-4DCCAC60A54D}.Release|Win32.ActiveCfg = Release|Win32
		{35AE7A8E-CF62-38CD-B6C3-4DCCAC60A54D}.Release|Win32.Build.0 = Release|Win32
		{35AE7A8E-CF62-38CD-B6C3-4DCCAC60A54D}.MinSizeRel|Win32.ActiveCfg = MinSizeRel|Win32
		{35AE7A8E-CF62-38CD-B6C3-4DCCAC60A54D}.MinSizeRel|Win32.Build.0 = MinSizeRel|Win32
		{35AE7A8E-CF62-38CD-B6C3-4DCCAC60A54D}.RelWithDebInfo|Win32.ActiveCfg = RelWithDebInfo|Win32
		{35AE7A8E-CF62-38CD-B6C3-4DCCAC60A54D}.RelWithDebInfo|Win32.Build.0 = RelWithDebInfo|Win32
		{93EF3FCF-D319-313B-8B66-785C52B1C221}.Debug|Win32.ActiveCfg = Debug|Win32
		{93EF3FCF-D319-313B-8B66-785C52B1C221}.Debug|Win32.Build.0 = Debug|Win32
		{93EF3FCF-D319-313B-8B66-785C52B1C221}.Release|Win32.ActiveCfg = Release|Win32
		{93EF3FCF-D319-313B-8B66-785C52B1C221}.Release|Win32.Build.0 = Release|Win32
		{93EF3FCF-D319-313B-8B66-785C52B1C221}.MinSizeRel|Win32.ActiveCfg = MinSizeRel|Win32
		{93EF3FCF-D319-313B-8B66-785C52B1C221}.MinSizeRel|Win32.Build.0 = MinSizeRel|Win32
		{93EF3FCF-D319-313B-8B66-785C52B1C221}.RelWithDebInfo|Win32.ActiveCfg = RelWithDebInfo|Win32
		{93EF3FCF-D319-313B-8B66-785C52B1C221}.RelWithDebInfo|Win32.Build.0 = RelWithDebInfo|Win32
		{7C213EB4-A4B6-3626-A5F0-ABCB81E2F6F0}.Debug|Win32.ActiveCfg = Debug|Win32
		{7C213EB4-A4B6-3626-A5F0-ABCB81E2F6F0}.Debug|Win32.Build.0 = Debug|Win32
		{7C213EB4-A4B6-3626-A5F0-ABCB81E2F6F0}.Release|Win32.ActiveCfg = Release|Win32
		{7C213EB4-A4B6-3626-A5F0-ABCB81E2F6F0}.Release|Win32.Build.0 = Release|Win32
		{7C213EB4-A4B6-3626-A5F0-ABCB81E2F6F0}.MinSizeRel|Win32.ActiveCfg = MinSizeRel|Win32
		{7C213EB4-A4B6-3626-A5F0-ABCB81E2F6F0}.MinSizeRel|Win32.Build.0 = MinSizeRel|Win32
		{7C213EB4-A4B6-3626-A5F0-ABCB81E2F6F0}.RelWithDebInfo|Win32.ActiveCfg = RelWithDebInfo|Win32
		{7C213EB4-A4B6-3626-A5F0-ABCB81E2F6F0}.RelWithDebInfo|Win32.Build.0 = RelWithDebInfo|Win32
		{0DE43A76-3E34-3E34-9A35-AE507F9B2C7A}.Debug|Win32.ActiveCfg = Debug|Win32
		{0DE43A76-3E34-3E34-9A35-AE507F9B2C7A}.Debug|Win32.Build.0 = Debug|Win32
		{0DE43A76-3E34-3E34-9A35-AE507F9B2C7A}.Release|Win32.ActiveCfg = Release|Win32
		{0DE43A76-3E34-3E34-9A35-AE507F9B2C7A}.Release|Win32.Build.0 = Release|Win32
		{0DE43A76-3E34-3E34-9A35-AE507F9B2C7A}.MinSizeRel|Win32.ActiveCfg = MinSizeRel|Win32
		{0DE43A76-3E34-3E34-9A35-AE507F9B2C7A}.MinSizeRel|Win32.Build.0 = MinSizeRel|Win32
		{0DE43A76-3E34-3E34-9A35-AE507F9B2C7A}.RelWithDebInfo|Win32.ActiveCfg = RelWithDebInfo|Win32
		{0DE43A76-3E34-3E34-9A35-AE507F9B2C7A}.RelWithDebInfo|Win32.Build.0 = RelWithDebInfo|Win32
		{8F6560F2-DC28-311E-B555-7CD4EE687CB3}.Debug|Win32.ActiveCfg = Debug|Win32
		{8F6560F2-DC28-311E-B555-7CD4EE687CB3}.Debug|Win32.Build.0 = Debug|Win32
		{8F6560F2-DC28-311E-B555-7CD4EE687CB3}.Release|Win32.ActiveCfg = Release|Win32
		{8F6560F2-DC28-311E-B555-7CD4EE687CB3}.Release|Win32.Build.0 = Release|Win32
		{8F6560F2-DC28-311E-B555-7CD4EE687CB3}.MinSizeRel|Win32.ActiveCfg = MinSizeRel|Win32
		{8F6560F2-DC28-311E-B555-7CD4EE687CB3}.MinSizeRel|Win32.Build.0 = MinSizeRel|Win32
		{8F6560F2-DC28-311E-B555-7CD4EE687CB3}.RelWithDebInfo|Win32.ActiveCfg = RelWithDebInfo|Win32
		{8F6560F2-DC28-311E-B555-7CD4EE687CB3}.RelWithDebInfo|Win32.Build.0 = RelWithDebInfo|Win32
		{EBB7FF66-4F7F-38E9-80F0-73CE237FCBBF}.Debug|Win32.ActiveCfg = Debug|Win32
		{EBB7FF66-4F7F-38E9-80F0-73CE237FCBBF}.Debug|Win32.Build.0 = Debug|Win32
		{EBB7FF66-4F7F-38E9-80F0-73CE237FCBBF}.Release|Win32.ActiveCfg = Release|Win32
		{EBB7FF66-4F7F-38E9-80F0-73CE237FCBBF}.Release|Win32.Build.0 = Release|Win32
		{EBB7FF66-4F7F-38E9-80F0-73CE237FCBBF}.MinSizeRel|Win32.ActiveCfg = MinSizeRel|Win32
		{EBB7FF66-4F7F-38E9-80F0-73CE237FCBBF}.MinSizeRel|Win32.Build.0 = MinSizeRel|Win32
		{EBB7FF66-4F7F-38E9-80F0-73CE237FCBBF}.RelWithDebInfo|Win32.ActiveCfg = RelWithDebInfo|Win32
		{EBB7FF66-4F7F-38E9-80F0-73CE237FCBBF}.RelWithDebInfo|Win32.Build.0 = RelWithDebInfo|Win32
		{CB736E03-ED7C-399B-AF05-42054083DEE4}.Debug|Win32.ActiveCfg = Debug|Win32
		{CB736E03-ED7C-399B-AF05-42054083DEE4}.Debug|Win32.Build.0 = Debug|Win32
		{CB736E03-ED7C-399B-AF05-42054083DEE4}.Release|Win32.ActiveCfg = Release|Win32
		{CB736E03-ED7C-399B-AF05-42054083DEE4}.Release|Win32.Build.0 = Release|Win32
		{CB736E03-ED7C-399B-AF05-42054083DEE4}.MinSizeRel|Win32.ActiveCfg = MinSizeRel|Win32
		{CB736E03-ED7C-399B-AF05-42054083DEE4}.MinSizeRel|Win32.Build.0 = MinSizeRel|Win32
		{CB736E03-ED7C-399B-AF05-42054083DEE4}.RelWithDebInfo|Win32.ActiveCfg = RelWithDebInfo|Win32
		{CB736E03-ED7C-399B-AF05-42054083DEE4}.RelWithDebInfo|Win32.Build.0 = RelWithDebInfo|Win32
		{DF1D015B-82A8-3D12-BC6A-4A8AFD4365CB}.Debug|Win32.ActiveCfg = Debug|Win32
		{DF1D015B-82A8-3D12-BC6A-4A8AFD4365CB}.Debug|Win32.Build.0 = Debug|Win32
		{DF1D015B-82A8-3D12-BC6A-4A8AFD4365CB}.Release|Win32.ActiveCfg = Release|Win32
		{DF1D015B-82A8-3D12-BC6A-4A8AFD4365CB}.Release|Win32.Build.0 = Release|Win32
		{DF1D015B-82A8-3D12-BC6A-4A8AFD4365CB}.MinSizeRel|Win32.ActiveCfg = MinSizeRel|Win32
		{DF1D015B-82A8-3D12-BC6A-4A8AFD4365CB}.MinSizeRel|Win32.Build.0 = MinSizeRel|Win32
		{DF1D015B-82A8-3D12-BC6A-4A8AFD4365CB}.RelWithDebInfo|Win32.ActiveCfg = RelWithDebInfo|Win32
		{DF1D015B-82A8-3D12-BC6A-4A8AFD4365CB}.RelWithDebInfo|Win32.Build.0 = RelWithDebInfo|Win32
		{35A8B57B-F961-385C-8FFE-FBD81EB60097}.Debug|Win32.ActiveCfg = Debug|Win32
		{35A8B57B-F961-385C-8FFE-FBD81EB60097}.Debug|Win32.Build.0 = Debug|Win32
		{35A8B57B-F961-385C-8FFE-FBD81EB60097}.Release|Win32.ActiveCfg = Release|Win32
		{35A8B57B-F961-385C-8FFE-FBD81EB60097}.Release|Win32.Build.0 = Release|Win32
		{35A8B57B-F961-385C-8FFE-FBD81EB60097}.MinSizeRel|Win32.ActiveCfg = MinSizeRel|Win32
		{35A8B57B-F961-385C-8FFE-FBD81EB60097}.MinSizeRel|Win32.Build.0 = MinSizeRel|Win32
		{35A8B57B-F961-385C-8FFE-FBD81EB60097}.RelWithDebInfo|Win32.ActiveCfg = RelWithDebInfo|Win32
		{35A8B57B-F961-385C-8FFE-FBD81EB60097}.RelWithDebInfo|Win32.Build.0 = RelWithDebInfo|Win32
	EndGlobalSection
	GlobalSection(ExtensibilityGlobals) = postSolution
		SolutionGuid = {413BE1A3-67A8-31A5-992F-359D8D01D76C}
	EndGlobalSection
	GlobalSection(ExtensibilityAddIns) = postSolution
	EndGlobalSection
EndGlobal
